// !$*UTF8*$!
{
	archiveVersion = 1;
	classes = {
	};
	objectVersion = 56;
	objects = {

/* Begin PBXBuildFile section */
		0982648E29A0DA8700150343 /* BaseInfoView.swift in Sources */ = {isa = PBXBuildFile; fileRef = 0982648D29A0DA8700150343 /* BaseInfoView.swift */; };
		0982649229A0E39F00150343 /* BaseView.swift in Sources */ = {isa = PBXBuildFile; fileRef = 0982649129A0E39F00150343 /* BaseView.swift */; };
		09C05F8B29A2CD7700E07FF7 /* MockData.swift in Sources */ = {isa = PBXBuildFile; fileRef = 09C05F8A29A2CD7700E07FF7 /* MockData.swift */; };
		09C05F8D29A2D00E00E07FF7 /* ListSection.swift in Sources */ = {isa = PBXBuildFile; fileRef = 09C05F8C29A2D00E00E07FF7 /* ListSection.swift */; };
		09C05F8F29A3736400E07FF7 /* NewGoogs.swift in Sources */ = {isa = PBXBuildFile; fileRef = 09C05F8E29A3736400E07FF7 /* NewGoogs.swift */; };
		09C05F9129A37E1E00E07FF7 /* NewGoodsCell.swift in Sources */ = {isa = PBXBuildFile; fileRef = 09C05F9029A37E1E00E07FF7 /* NewGoodsCell.swift */; };
		09D0159B299FC3B800A762FC /* AppDelegate.swift in Sources */ = {isa = PBXBuildFile; fileRef = 09D0159A299FC3B800A762FC /* AppDelegate.swift */; };
		09D0159D299FC3B800A762FC /* SceneDelegate.swift in Sources */ = {isa = PBXBuildFile; fileRef = 09D0159C299FC3B800A762FC /* SceneDelegate.swift */; };
		09D0159F299FC3B800A762FC /* TabBarController.swift in Sources */ = {isa = PBXBuildFile; fileRef = 09D0159E299FC3B800A762FC /* TabBarController.swift */; };
		09D015A4299FC3B900A762FC /* Assets.xcassets in Resources */ = {isa = PBXBuildFile; fileRef = 09D015A3299FC3B900A762FC /* Assets.xcassets */; };
		09D015A7299FC3B900A762FC /* LaunchScreen.storyboard in Resources */ = {isa = PBXBuildFile; fileRef = 09D015A5299FC3B900A762FC /* LaunchScreen.storyboard */; };
		09D015C4299FC86E00A762FC /* MainController.swift in Sources */ = {isa = PBXBuildFile; fileRef = 09D015C3299FC86E00A762FC /* MainController.swift */; };
		09D015C8299FC89300A762FC /* BasketController.swift in Sources */ = {isa = PBXBuildFile; fileRef = 09D015C7299FC89300A762FC /* BasketController.swift */; };
		09D015CA299FC89D00A762FC /* ShopsController.swift in Sources */ = {isa = PBXBuildFile; fileRef = 09D015C9299FC89D00A762FC /* ShopsController.swift */; };
		09D015CC299FC8E700A762FC /* ProfileController.swift in Sources */ = {isa = PBXBuildFile; fileRef = 09D015CB299FC8E700A762FC /* ProfileController.swift */; };
		09D015D1299FC94200A762FC /* R.swift in Sources */ = {isa = PBXBuildFile; fileRef = 09D015D0299FC94200A762FC /* R.swift */; };
		09D015D3299FC96100A762FC /* UIColor + ext.swift in Sources */ = {isa = PBXBuildFile; fileRef = 09D015D2299FC96100A762FC /* UIColor + ext.swift */; };
		09D015DD299FF8AF00A762FC /* CategoriesCollectionView.swift in Sources */ = {isa = PBXBuildFile; fileRef = 09D015DC299FF8AF00A762FC /* CategoriesCollectionView.swift */; };
		09D015DF299FFE0B00A762FC /* CategoriesCell.swift in Sources */ = {isa = PBXBuildFile; fileRef = 09D015DE299FFE0B00A762FC /* CategoriesCell.swift */; };
		09D015E429A01BED00A762FC /* CategoryModel.swift in Sources */ = {isa = PBXBuildFile; fileRef = 09D015E329A01BED00A762FC /* CategoryModel.swift */; };
		09DAF9C629A5658100CF3850 /* RecomendView.swift in Sources */ = {isa = PBXBuildFile; fileRef = 09DAF9C529A5658100CF3850 /* RecomendView.swift */; };
		09DAF9C829A6102400CF3850 /* RecomendCell.swift in Sources */ = {isa = PBXBuildFile; fileRef = 09DAF9C729A6102400CF3850 /* RecomendCell.swift */; };
/* End PBXBuildFile section */

/* Begin PBXFileReference section */
		0982648D29A0DA8700150343 /* BaseInfoView.swift */ = {isa = PBXFileReference; lastKnownFileType = sourcecode.swift; path = BaseInfoView.swift; sourceTree = "<group>"; };
		0982649129A0E39F00150343 /* BaseView.swift */ = {isa = PBXFileReference; lastKnownFileType = sourcecode.swift; path = BaseView.swift; sourceTree = "<group>"; };
		09C05F8A29A2CD7700E07FF7 /* MockData.swift */ = {isa = PBXFileReference; lastKnownFileType = sourcecode.swift; path = MockData.swift; sourceTree = "<group>"; };
		09C05F8C29A2D00E00E07FF7 /* ListSection.swift */ = {isa = PBXFileReference; lastKnownFileType = sourcecode.swift; path = ListSection.swift; sourceTree = "<group>"; };
		09C05F8E29A3736400E07FF7 /* NewGoogs.swift */ = {isa = PBXFileReference; lastKnownFileType = sourcecode.swift; path = NewGoogs.swift; sourceTree = "<group>"; };
		09C05F9029A37E1E00E07FF7 /* NewGoodsCell.swift */ = {isa = PBXFileReference; lastKnownFileType = sourcecode.swift; path = NewGoodsCell.swift; sourceTree = "<group>"; };
		09D01597299FC3B800A762FC /* OnlineStore.app */ = {isa = PBXFileReference; explicitFileType = wrapper.application; includeInIndex = 0; path = OnlineStore.app; sourceTree = BUILT_PRODUCTS_DIR; };
		09D0159A299FC3B800A762FC /* AppDelegate.swift */ = {isa = PBXFileReference; lastKnownFileType = sourcecode.swift; path = AppDelegate.swift; sourceTree = "<group>"; };
		09D0159C299FC3B800A762FC /* SceneDelegate.swift */ = {isa = PBXFileReference; lastKnownFileType = sourcecode.swift; path = SceneDelegate.swift; sourceTree = "<group>"; };
		09D0159E299FC3B800A762FC /* TabBarController.swift */ = {isa = PBXFileReference; lastKnownFileType = sourcecode.swift; path = TabBarController.swift; sourceTree = "<group>"; };
		09D015A3299FC3B900A762FC /* Assets.xcassets */ = {isa = PBXFileReference; lastKnownFileType = folder.assetcatalog; path = Assets.xcassets; sourceTree = "<group>"; };
		09D015A6299FC3B900A762FC /* Base */ = {isa = PBXFileReference; lastKnownFileType = file.storyboard; name = Base; path = Base.lproj/LaunchScreen.storyboard; sourceTree = "<group>"; };
		09D015A8299FC3B900A762FC /* Info.plist */ = {isa = PBXFileReference; lastKnownFileType = text.plist.xml; path = Info.plist; sourceTree = "<group>"; };
		09D015C3299FC86E00A762FC /* MainController.swift */ = {isa = PBXFileReference; lastKnownFileType = sourcecode.swift; path = MainController.swift; sourceTree = "<group>"; };
		09D015C7299FC89300A762FC /* BasketController.swift */ = {isa = PBXFileReference; lastKnownFileType = sourcecode.swift; path = BasketController.swift; sourceTree = "<group>"; };
		09D015C9299FC89D00A762FC /* ShopsController.swift */ = {isa = PBXFileReference; lastKnownFileType = sourcecode.swift; path = ShopsController.swift; sourceTree = "<group>"; };
		09D015CB299FC8E700A762FC /* ProfileController.swift */ = {isa = PBXFileReference; lastKnownFileType = sourcecode.swift; path = ProfileController.swift; sourceTree = "<group>"; };
		09D015D0299FC94200A762FC /* R.swift */ = {isa = PBXFileReference; lastKnownFileType = sourcecode.swift; path = R.swift; sourceTree = "<group>"; };
		09D015D2299FC96100A762FC /* UIColor + ext.swift */ = {isa = PBXFileReference; lastKnownFileType = sourcecode.swift; path = "UIColor + ext.swift"; sourceTree = "<group>"; };
		09D015DC299FF8AF00A762FC /* CategoriesCollectionView.swift */ = {isa = PBXFileReference; lastKnownFileType = sourcecode.swift; path = CategoriesCollectionView.swift; sourceTree = "<group>"; };
		09D015DE299FFE0B00A762FC /* CategoriesCell.swift */ = {isa = PBXFileReference; lastKnownFileType = sourcecode.swift; path = CategoriesCell.swift; sourceTree = "<group>"; };
		09D015E329A01BED00A762FC /* CategoryModel.swift */ = {isa = PBXFileReference; lastKnownFileType = sourcecode.swift; path = CategoryModel.swift; sourceTree = "<group>"; };
		09DAF9C529A5658100CF3850 /* RecomendView.swift */ = {isa = PBXFileReference; lastKnownFileType = sourcecode.swift; path = RecomendView.swift; sourceTree = "<group>"; };
		09DAF9C729A6102400CF3850 /* RecomendCell.swift */ = {isa = PBXFileReference; lastKnownFileType = sourcecode.swift; path = RecomendCell.swift; sourceTree = "<group>"; };
/* End PBXFileReference section */

/* Begin PBXFrameworksBuildPhase section */
		09D01594299FC3B800A762FC /* Frameworks */ = {
			isa = PBXFrameworksBuildPhase;
			buildActionMask = 2147483647;
			files = (
			);
			runOnlyForDeploymentPostprocessing = 0;
		};
/* End PBXFrameworksBuildPhase section */

/* Begin PBXGroup section */
		0982648C29A0DA7100150343 /* Views */ = {
			isa = PBXGroup;
			children = (
				0982648D29A0DA8700150343 /* BaseInfoView.swift */,
			);
			path = Views;
			sourceTree = "<group>";
		};
		09C05F8929A29F2F00E07FF7 /* Cell */ = {
			isa = PBXGroup;
			children = (
				09D015DE299FFE0B00A762FC /* CategoriesCell.swift */,
				09C05F9029A37E1E00E07FF7 /* NewGoodsCell.swift */,
				09DAF9C729A6102400CF3850 /* RecomendCell.swift */,
			);
			path = Cell;
			sourceTree = "<group>";
		};
		09D0158E299FC3B800A762FC = {
			isa = PBXGroup;
			children = (
				09D01599299FC3B800A762FC /* OnlineStore */,
				09D01598299FC3B800A762FC /* Products */,
			);
			sourceTree = "<group>";
		};
		09D01598299FC3B800A762FC /* Products */ = {
			isa = PBXGroup;
			children = (
				09D01597299FC3B800A762FC /* OnlineStore.app */,
			);
			name = Products;
			sourceTree = "<group>";
		};
		09D01599299FC3B800A762FC /* OnlineStore */ = {
			isa = PBXGroup;
			children = (
				09D015E229A01BCD00A762FC /* Model */,
				09D015D4299FCADF00A762FC /* Base */,
				09D015CE299FC91100A762FC /* Helpers */,
				09D015B0299FC42900A762FC /* Controllers */,
				09D015AF299FC40900A762FC /* Application */,
				09D015AE299FC3F600A762FC /* SupportingFiles */,
			);
			path = OnlineStore;
			sourceTree = "<group>";
		};
		09D015AE299FC3F600A762FC /* SupportingFiles */ = {
			isa = PBXGroup;
			children = (
				09D015A3299FC3B900A762FC /* Assets.xcassets */,
				09D015A5299FC3B900A762FC /* LaunchScreen.storyboard */,
				09D015A8299FC3B900A762FC /* Info.plist */,
			);
			path = SupportingFiles;
			sourceTree = "<group>";
		};
		09D015AF299FC40900A762FC /* Application */ = {
			isa = PBXGroup;
			children = (
				09D0159A299FC3B800A762FC /* AppDelegate.swift */,
				09D0159C299FC3B800A762FC /* SceneDelegate.swift */,
			);
			path = Application;
			sourceTree = "<group>";
		};
		09D015B0299FC42900A762FC /* Controllers */ = {
			isa = PBXGroup;
			children = (
				09D015B1299FC42F00A762FC /* Main */,
				09D015B5299FC44B00A762FC /* Basket */,
				09D015B4299FC44200A762FC /* Shops */,
				09D015B3299FC43900A762FC /* Profile */,
			);
			path = Controllers;
			sourceTree = "<group>";
		};
		09D015B1299FC42F00A762FC /* Main */ = {
			isa = PBXGroup;
			children = (
				09C05F8929A29F2F00E07FF7 /* Cell */,
				09D015D9299FF7E700A762FC /* Views */,
				09D015C3299FC86E00A762FC /* MainController.swift */,
			);
			path = Main;
			sourceTree = "<group>";
		};
		09D015B3299FC43900A762FC /* Profile */ = {
			isa = PBXGroup;
			children = (
				09D015CB299FC8E700A762FC /* ProfileController.swift */,
			);
			path = Profile;
			sourceTree = "<group>";
		};
		09D015B4299FC44200A762FC /* Shops */ = {
			isa = PBXGroup;
			children = (
				09D015C9299FC89D00A762FC /* ShopsController.swift */,
			);
			path = Shops;
			sourceTree = "<group>";
		};
		09D015B5299FC44B00A762FC /* Basket */ = {
			isa = PBXGroup;
			children = (
				09D015C7299FC89300A762FC /* BasketController.swift */,
			);
			path = Basket;
			sourceTree = "<group>";
		};
		09D015CE299FC91100A762FC /* Helpers */ = {
			isa = PBXGroup;
			children = (
				09D015CF299FC92D00A762FC /* Extensions */,
				09D015D0299FC94200A762FC /* R.swift */,
			);
			path = Helpers;
			sourceTree = "<group>";
		};
		09D015CF299FC92D00A762FC /* Extensions */ = {
			isa = PBXGroup;
			children = (
				09D015D2299FC96100A762FC /* UIColor + ext.swift */,
			);
			path = Extensions;
			sourceTree = "<group>";
		};
		09D015D4299FCADF00A762FC /* Base */ = {
			isa = PBXGroup;
			children = (
				0982648C29A0DA7100150343 /* Views */,
				0982649129A0E39F00150343 /* BaseView.swift */,
				09D0159E299FC3B800A762FC /* TabBarController.swift */,
			);
			path = Base;
			sourceTree = "<group>";
		};
		09D015D9299FF7E700A762FC /* Views */ = {
			isa = PBXGroup;
			children = (
				09D015DC299FF8AF00A762FC /* CategoriesCollectionView.swift */,
				09C05F8E29A3736400E07FF7 /* NewGoogs.swift */,
				09DAF9C529A5658100CF3850 /* RecomendView.swift */,
			);
			path = Views;
			sourceTree = "<group>";
		};
		09D015E229A01BCD00A762FC /* Model */ = {
			isa = PBXGroup;
			children = (
				09D015E329A01BED00A762FC /* CategoryModel.swift */,
				09C05F8C29A2D00E00E07FF7 /* ListSection.swift */,
				09C05F8A29A2CD7700E07FF7 /* MockData.swift */,
			);
			path = Model;
			sourceTree = "<group>";
		};
/* End PBXGroup section */

/* Begin PBXNativeTarget section */
		09D01596299FC3B800A762FC /* OnlineStore */ = {
			isa = PBXNativeTarget;
			buildConfigurationList = 09D015AB299FC3B900A762FC /* Build configuration list for PBXNativeTarget "OnlineStore" */;
			buildPhases = (
				09D01593299FC3B800A762FC /* Sources */,
				09D01594299FC3B800A762FC /* Frameworks */,
				09D01595299FC3B800A762FC /* Resources */,
			);
			buildRules = (
			);
			dependencies = (
			);
			name = OnlineStore;
			productName = OnlineStore;
			productReference = 09D01597299FC3B800A762FC /* OnlineStore.app */;
			productType = "com.apple.product-type.application";
		};
/* End PBXNativeTarget section */

/* Begin PBXProject section */
		09D0158F299FC3B800A762FC /* Project object */ = {
			isa = PBXProject;
			attributes = {
				BuildIndependentTargetsInParallel = 1;
				LastSwiftUpdateCheck = 1400;
				LastUpgradeCheck = 1400;
				TargetAttributes = {
					09D01596299FC3B800A762FC = {
						CreatedOnToolsVersion = 14.0;
					};
				};
			};
			buildConfigurationList = 09D01592299FC3B800A762FC /* Build configuration list for PBXProject "OnlineStore" */;
			compatibilityVersion = "Xcode 14.0";
			developmentRegion = en;
			hasScannedForEncodings = 0;
			knownRegions = (
				en,
				Base,
			);
			mainGroup = 09D0158E299FC3B800A762FC;
			productRefGroup = 09D01598299FC3B800A762FC /* Products */;
			projectDirPath = "";
			projectRoot = "";
			targets = (
				09D01596299FC3B800A762FC /* OnlineStore */,
			);
		};
/* End PBXProject section */

/* Begin PBXResourcesBuildPhase section */
		09D01595299FC3B800A762FC /* Resources */ = {
			isa = PBXResourcesBuildPhase;
			buildActionMask = 2147483647;
			files = (
				09D015A7299FC3B900A762FC /* LaunchScreen.storyboard in Resources */,
				09D015A4299FC3B900A762FC /* Assets.xcassets in Resources */,
			);
			runOnlyForDeploymentPostprocessing = 0;
		};
/* End PBXResourcesBuildPhase section */

/* Begin PBXSourcesBuildPhase section */
		09D01593299FC3B800A762FC /* Sources */ = {
			isa = PBXSourcesBuildPhase;
			buildActionMask = 2147483647;
			files = (
				09D015CA299FC89D00A762FC /* ShopsController.swift in Sources */,
				0982648E29A0DA8700150343 /* BaseInfoView.swift in Sources */,
				09DAF9C829A6102400CF3850 /* RecomendCell.swift in Sources */,
				09D015E429A01BED00A762FC /* CategoryModel.swift in Sources */,
				09C05F9129A37E1E00E07FF7 /* NewGoodsCell.swift in Sources */,
				09D015C4299FC86E00A762FC /* MainController.swift in Sources */,
				09C05F8B29A2CD7700E07FF7 /* MockData.swift in Sources */,
				09D0159F299FC3B800A762FC /* TabBarController.swift in Sources */,
				09D015DF299FFE0B00A762FC /* CategoriesCell.swift in Sources */,
				09D015D3299FC96100A762FC /* UIColor + ext.swift in Sources */,
				09D015D1299FC94200A762FC /* R.swift in Sources */,
				09D0159B299FC3B800A762FC /* AppDelegate.swift in Sources */,
				09D015DD299FF8AF00A762FC /* CategoriesCollectionView.swift in Sources */,
				09D015C8299FC89300A762FC /* BasketController.swift in Sources */,
				0982649229A0E39F00150343 /* BaseView.swift in Sources */,
				09C05F8D29A2D00E00E07FF7 /* ListSection.swift in Sources */,
				09DAF9C629A5658100CF3850 /* RecomendView.swift in Sources */,
				09C05F8F29A3736400E07FF7 /* NewGoogs.swift in Sources */,
				09D0159D299FC3B800A762FC /* SceneDelegate.swift in Sources */,
				09D015CC299FC8E700A762FC /* ProfileController.swift in Sources */,
			);
			runOnlyForDeploymentPostprocessing = 0;
		};
/* End PBXSourcesBuildPhase section */

/* Begin PBXVariantGroup section */
		09D015A5299FC3B900A762FC /* LaunchScreen.storyboard */ = {
			isa = PBXVariantGroup;
			children = (
				09D015A6299FC3B900A762FC /* Base */,
			);
			name = LaunchScreen.storyboard;
			sourceTree = "<group>";
		};
/* End PBXVariantGroup section */

/* Begin XCBuildConfiguration section */
		09D015A9299FC3B900A762FC /* Debug */ = {
			isa = XCBuildConfiguration;
			buildSettings = {
				ALWAYS_SEARCH_USER_PATHS = NO;
				CLANG_ANALYZER_NONNULL = YES;
				CLANG_ANALYZER_NUMBER_OBJECT_CONVERSION = YES_AGGRESSIVE;
				CLANG_CXX_LANGUAGE_STANDARD = "gnu++20";
				CLANG_ENABLE_MODULES = YES;
				CLANG_ENABLE_OBJC_ARC = YES;
				CLANG_ENABLE_OBJC_WEAK = YES;
				CLANG_WARN_BLOCK_CAPTURE_AUTORELEASING = YES;
				CLANG_WARN_BOOL_CONVERSION = YES;
				CLANG_WARN_COMMA = YES;
				CLANG_WARN_CONSTANT_CONVERSION = YES;
				CLANG_WARN_DEPRECATED_OBJC_IMPLEMENTATIONS = YES;
				CLANG_WARN_DIRECT_OBJC_ISA_USAGE = YES_ERROR;
				CLANG_WARN_DOCUMENTATION_COMMENTS = YES;
				CLANG_WARN_EMPTY_BODY = YES;
				CLANG_WARN_ENUM_CONVERSION = YES;
				CLANG_WARN_INFINITE_RECURSION = YES;
				CLANG_WARN_INT_CONVERSION = YES;
				CLANG_WARN_NON_LITERAL_NULL_CONVERSION = YES;
				CLANG_WARN_OBJC_IMPLICIT_RETAIN_SELF = YES;
				CLANG_WARN_OBJC_LITERAL_CONVERSION = YES;
				CLANG_WARN_OBJC_ROOT_CLASS = YES_ERROR;
				CLANG_WARN_QUOTED_INCLUDE_IN_FRAMEWORK_HEADER = YES;
				CLANG_WARN_RANGE_LOOP_ANALYSIS = YES;
				CLANG_WARN_STRICT_PROTOTYPES = YES;
				CLANG_WARN_SUSPICIOUS_MOVE = YES;
				CLANG_WARN_UNGUARDED_AVAILABILITY = YES_AGGRESSIVE;
				CLANG_WARN_UNREACHABLE_CODE = YES;
				CLANG_WARN__DUPLICATE_METHOD_MATCH = YES;
				COPY_PHASE_STRIP = NO;
				DEBUG_INFORMATION_FORMAT = dwarf;
				ENABLE_STRICT_OBJC_MSGSEND = YES;
				ENABLE_TESTABILITY = YES;
				GCC_C_LANGUAGE_STANDARD = gnu11;
				GCC_DYNAMIC_NO_PIC = NO;
				GCC_NO_COMMON_BLOCKS = YES;
				GCC_OPTIMIZATION_LEVEL = 0;
				GCC_PREPROCESSOR_DEFINITIONS = (
					"DEBUG=1",
					"$(inherited)",
				);
				GCC_WARN_64_TO_32_BIT_CONVERSION = YES;
				GCC_WARN_ABOUT_RETURN_TYPE = YES_ERROR;
				GCC_WARN_UNDECLARED_SELECTOR = YES;
				GCC_WARN_UNINITIALIZED_AUTOS = YES_AGGRESSIVE;
				GCC_WARN_UNUSED_FUNCTION = YES;
				GCC_WARN_UNUSED_VARIABLE = YES;
				IPHONEOS_DEPLOYMENT_TARGET = 14.0;
				MTL_ENABLE_DEBUG_INFO = INCLUDE_SOURCE;
				MTL_FAST_MATH = YES;
				ONLY_ACTIVE_ARCH = YES;
				SDKROOT = iphoneos;
				SWIFT_ACTIVE_COMPILATION_CONDITIONS = DEBUG;
				SWIFT_OPTIMIZATION_LEVEL = "-Onone";
			};
			name = Debug;
		};
		09D015AA299FC3B900A762FC /* Release */ = {
			isa = XCBuildConfiguration;
			buildSettings = {
				ALWAYS_SEARCH_USER_PATHS = NO;
				CLANG_ANALYZER_NONNULL = YES;
				CLANG_ANALYZER_NUMBER_OBJECT_CONVERSION = YES_AGGRESSIVE;
				CLANG_CXX_LANGUAGE_STANDARD = "gnu++20";
				CLANG_ENABLE_MODULES = YES;
				CLANG_ENABLE_OBJC_ARC = YES;
				CLANG_ENABLE_OBJC_WEAK = YES;
				CLANG_WARN_BLOCK_CAPTURE_AUTORELEASING = YES;
				CLANG_WARN_BOOL_CONVERSION = YES;
				CLANG_WARN_COMMA = YES;
				CLANG_WARN_CONSTANT_CONVERSION = YES;
				CLANG_WARN_DEPRECATED_OBJC_IMPLEMENTATIONS = YES;
				CLANG_WARN_DIRECT_OBJC_ISA_USAGE = YES_ERROR;
				CLANG_WARN_DOCUMENTATION_COMMENTS = YES;
				CLANG_WARN_EMPTY_BODY = YES;
				CLANG_WARN_ENUM_CONVERSION = YES;
				CLANG_WARN_INFINITE_RECURSION = YES;
				CLANG_WARN_INT_CONVERSION = YES;
				CLANG_WARN_NON_LITERAL_NULL_CONVERSION = YES;
				CLANG_WARN_OBJC_IMPLICIT_RETAIN_SELF = YES;
				CLANG_WARN_OBJC_LITERAL_CONVERSION = YES;
				CLANG_WARN_OBJC_ROOT_CLASS = YES_ERROR;
				CLANG_WARN_QUOTED_INCLUDE_IN_FRAMEWORK_HEADER = YES;
				CLANG_WARN_RANGE_LOOP_ANALYSIS = YES;
				CLANG_WARN_STRICT_PROTOTYPES = YES;
				CLANG_WARN_SUSPICIOUS_MOVE = YES;
				CLANG_WARN_UNGUARDED_AVAILABILITY = YES_AGGRESSIVE;
				CLANG_WARN_UNREACHABLE_CODE = YES;
				CLANG_WARN__DUPLICATE_METHOD_MATCH = YES;
				COPY_PHASE_STRIP = NO;
				DEBUG_INFORMATION_FORMAT = "dwarf-with-dsym";
				ENABLE_NS_ASSERTIONS = NO;
				ENABLE_STRICT_OBJC_MSGSEND = YES;
				GCC_C_LANGUAGE_STANDARD = gnu11;
				GCC_NO_COMMON_BLOCKS = YES;
				GCC_WARN_64_TO_32_BIT_CONVERSION = YES;
				GCC_WARN_ABOUT_RETURN_TYPE = YES_ERROR;
				GCC_WARN_UNDECLARED_SELECTOR = YES;
				GCC_WARN_UNINITIALIZED_AUTOS = YES_AGGRESSIVE;
				GCC_WARN_UNUSED_FUNCTION = YES;
				GCC_WARN_UNUSED_VARIABLE = YES;
				IPHONEOS_DEPLOYMENT_TARGET = 14.0;
				MTL_ENABLE_DEBUG_INFO = NO;
				MTL_FAST_MATH = YES;
				SDKROOT = iphoneos;
				SWIFT_COMPILATION_MODE = wholemodule;
				SWIFT_OPTIMIZATION_LEVEL = "-O";
				VALIDATE_PRODUCT = YES;
			};
			name = Release;
		};
		09D015AC299FC3B900A762FC /* Debug */ = {
			isa = XCBuildConfiguration;
			buildSettings = {
				ASSETCATALOG_COMPILER_APPICON_NAME = AppIcon;
				ASSETCATALOG_COMPILER_GLOBAL_ACCENT_COLOR_NAME = AccentColor;
				CODE_SIGN_STYLE = Automatic;
				CURRENT_PROJECT_VERSION = 1;
				DEVELOPMENT_TEAM = F575BDA9FB;
				GENERATE_INFOPLIST_FILE = YES;
				INFOPLIST_FILE = OnlineStore/SupportingFiles/Info.plist;
				INFOPLIST_KEY_UIApplicationSupportsIndirectInputEvents = YES;
				INFOPLIST_KEY_UILaunchStoryboardName = LaunchScreen;
				INFOPLIST_KEY_UIStatusBarStyle = "";
				INFOPLIST_KEY_UISupportedInterfaceOrientations = UIInterfaceOrientationPortrait;
				LD_RUNPATH_SEARCH_PATHS = (
					"$(inherited)",
					"@executable_path/Frameworks",
				);
				MARKETING_VERSION = 1.0;
				PRODUCT_BUNDLE_IDENTIFIER = ru.ILYAP.OnlineStore;
				PRODUCT_NAME = "$(TARGET_NAME)";
				SWIFT_EMIT_LOC_STRINGS = YES;
				SWIFT_VERSION = 5.0;
				TARGETED_DEVICE_FAMILY = "1,2";
			};
			name = Debug;
		};
		09D015AD299FC3B900A762FC /* Release */ = {
			isa = XCBuildConfiguration;
			buildSettings = {
				ASSETCATALOG_COMPILER_APPICON_NAME = AppIcon;
				ASSETCATALOG_COMPILER_GLOBAL_ACCENT_COLOR_NAME = AccentColor;
				CODE_SIGN_STYLE = Automatic;
				CURRENT_PROJECT_VERSION = 1;
				DEVELOPMENT_TEAM = F575BDA9FB;
				GENERATE_INFOPLIST_FILE = YES;
				INFOPLIST_FILE = OnlineStore/SupportingFiles/Info.plist;
				INFOPLIST_KEY_UIApplicationSupportsIndirectInputEvents = YES;
				INFOPLIST_KEY_UILaunchStoryboardName = LaunchScreen;
				INFOPLIST_KEY_UIStatusBarStyle = "";
				INFOPLIST_KEY_UISupportedInterfaceOrientations = UIInterfaceOrientationPortrait;
				LD_RUNPATH_SEARCH_PATHS = (
					"$(inherited)",
					"@executable_path/Frameworks",
				);
				MARKETING_VERSION = 1.0;
				PRODUCT_BUNDLE_IDENTIFIER = ru.ILYAP.OnlineStore;
				PRODUCT_NAME = "$(TARGET_NAME)";
				SWIFT_EMIT_LOC_STRINGS = YES;
				SWIFT_VERSION = 5.0;
				TARGETED_DEVICE_FAMILY = "1,2";
			};
			name = Release;
		};
/* End XCBuildConfiguration section */

/* Begin XCConfigurationList section */
		09D01592299FC3B800A762FC /* Build configuration list for PBXProject "OnlineStore" */ = {
			isa = XCConfigurationList;
			buildConfigurations = (
				09D015A9299FC3B900A762FC /* Debug */,
				09D015AA299FC3B900A762FC /* Release */,
			);
			defaultConfigurationIsVisible = 0;
			defaultConfigurationName = Release;
		};
		09D015AB299FC3B900A762FC /* Build configuration list for PBXNativeTarget "OnlineStore" */ = {
			isa = XCConfigurationList;
			buildConfigurations = (
				09D015AC299FC3B900A762FC /* Debug */,
				09D015AD299FC3B900A762FC /* Release */,
			);
			defaultConfigurationIsVisible = 0;
			defaultConfigurationName = Release;
		};
/* End XCConfigurationList section */
	};
	rootObject = 09D0158F299FC3B800A762FC /* Project object */;
}
